
Microsoft Visual Studio Solution File, Format Version 12.00
# Visual Studio Version 17
VisualStudioVersion = 17.12.35514.174 d17.12
MinimumVisualStudioVersion = 10.0.40219.1
Project("{FAE04EC0-301F-11D3-BF4B-00C04F79EFBC}") = "Conveter Temperatura", "Conveter Temperatura.csproj", "{E869C2B9-D47D-48D6-B0F9-5D5E4D87F9FB}"
EndProject
Project("{FAE04EC0-301F-11D3-BF4B-00C04F79EFBC}") = "Conversor Dolar", "..\Conversor Dolar\Conversor Dolar.csproj", "{5742F0E2-57EB-4715-9821-2DE0BA3242B1}"
EndProject
Project("{FAE04EC0-301F-11D3-BF4B-00C04F79EFBC}") = "Conversor de idade", "..\Conversor de idade\Conversor de idade.csproj", "{EA1954D2-D129-4EE8-B060-9565229A4318}"
EndProject
Global
	GlobalSection(SolutionConfigurationPlatforms) = preSolution
		Debug|Any CPU = Debug|Any CPU
		Release|Any CPU = Release|Any CPU
	EndGlobalSection
	GlobalSection(ProjectConfigurationPlatforms) = postSolution
		{E869C2B9-D47D-48D6-B0F9-5D5E4D87F9FB}.Debug|Any CPU.ActiveCfg = Debug|Any CPU
		{E869C2B9-D47D-48D6-B0F9-5D5E4D87F9FB}.Debug|Any CPU.Build.0 = Debug|Any CPU
		{E869C2B9-D47D-48D6-B0F9-5D5E4D87F9FB}.Release|Any CPU.ActiveCfg = Release|Any CPU
		{E869C2B9-D47D-48D6-B0F9-5D5E4D87F9FB}.Release|Any CPU.Build.0 = Release|Any CPU
		{5742F0E2-57EB-4715-9821-2DE0BA3242B1}.Debug|Any CPU.ActiveCfg = Debug|Any CPU
		{5742F0E2-57EB-4715-9821-2DE0BA3242B1}.Debug|Any CPU.Build.0 = Debug|Any CPU
		{5742F0E2-57EB-4715-9821-2DE0BA3242B1}.Release|Any CPU.ActiveCfg = Release|Any CPU
		{5742F0E2-57EB-4715-9821-2DE0BA3242B1}.Release|Any CPU.Build.0 = Release|Any CPU
		{EA1954D2-D129-4EE8-B060-9565229A4318}.Debug|Any CPU.ActiveCfg = Debug|Any CPU
		{EA1954D2-D129-4EE8-B060-9565229A4318}.Debug|Any CPU.Build.0 = Debug|Any CPU
		{EA1954D2-D129-4EE8-B060-9565229A4318}.Release|Any CPU.ActiveCfg = Release|Any CPU
		{EA1954D2-D129-4EE8-B060-9565229A4318}.Release|Any CPU.Build.0 = Release|Any CPU
	EndGlobalSection
	GlobalSection(SolutionProperties) = preSolution
		HideSolutionNode = FALSE
	EndGlobalSection
EndGlobal
